// !$*UTF8*$!
{
	archiveVersion = 1;
	classes = {
	};
	objectVersion = 46;
	objects = {

/* Begin PBXBuildFile section */
		9BDA36CD3AF22A6649432D1D /* libPods-约玩平台.a in Frameworks */ = {isa = PBXBuildFile; fileRef = D80C8CCBBB79A3AE310B1C7A /* libPods-约玩平台.a */; };
		B00038C91E98FEBD00ED2228 /* PhotoEnity.swift in Sources */ = {isa = PBXBuildFile; fileRef = B00038C81E98FEBD00ED2228 /* PhotoEnity.swift */; };
		B00038CB1E98FFC700ED2228 /* ActivityPhotoModel.swift in Sources */ = {isa = PBXBuildFile; fileRef = B00038CA1E98FFC700ED2228 /* ActivityPhotoModel.swift */; };
		B00038CD1E991A7800ED2228 /* activityuploadPhotoViewController.swift in Sources */ = {isa = PBXBuildFile; fileRef = B00038CC1E991A7800ED2228 /* activityuploadPhotoViewController.swift */; };
		B0107B4F1E83EFC30040493A /* simplyActivityTableViewCell.swift in Sources */ = {isa = PBXBuildFile; fileRef = B0107B4E1E83EFC30040493A /* simplyActivityTableViewCell.swift */; };
		B0107B511E83F9160040493A /* ActicityDetailViewController.swift in Sources */ = {isa = PBXBuildFile; fileRef = B0107B501E83F9160040493A /* ActicityDetailViewController.swift */; };
		B0107B531E8405FB0040493A /* ActivityDetailModel.swift in Sources */ = {isa = PBXBuildFile; fileRef = B0107B521E8405FB0040493A /* ActivityDetailModel.swift */; };
		B010BCA61E7FF8260085CD79 /* EditPersonalInformationViewController.swift in Sources */ = {isa = PBXBuildFile; fileRef = B010BCA51E7FF8260085CD79 /* EditPersonalInformationViewController.swift */; };
		B01BE23C1E97C28200B1FB76 /* c37cea0a6e642c5a8ad0457a8f2a6c75.jpg in Resources */ = {isa = PBXBuildFile; fileRef = B01BE23B1E97C28200B1FB76 /* c37cea0a6e642c5a8ad0457a8f2a6c75.jpg */; };
		B01BE23E1E97C37800B1FB76 /* icon.png in Resources */ = {isa = PBXBuildFile; fileRef = B01BE23D1E97C37800B1FB76 /* icon.png */; };
		B020C1CE1EA65C7F00243901 /* 发现@2x.png in Resources */ = {isa = PBXBuildFile; fileRef = B020C1CD1EA65C7F00243901 /* 发现@2x.png */; };
		B020C1D51EA65D5900243901 /* 举报@2x.png in Resources */ = {isa = PBXBuildFile; fileRef = B020C1D01EA65D5900243901 /* 举报@2x.png */; };
		B0221BBD1E8FEBDC0021BB40 /* NotificationEnity.swift in Sources */ = {isa = PBXBuildFile; fileRef = B0221BBC1E8FEBDC0021BB40 /* NotificationEnity.swift */; };
		B0221BBF1E8FFB2B0021BB40 /* NotificationListViewController.swift in Sources */ = {isa = PBXBuildFile; fileRef = B0221BBE1E8FFB2B0021BB40 /* NotificationListViewController.swift */; };
		B0221BC11E8FFB470021BB40 /* NotificationTableViewCell.swift in Sources */ = {isa = PBXBuildFile; fileRef = B0221BC01E8FFB470021BB40 /* NotificationTableViewCell.swift */; };
		B0221BC31E8FFD270021BB40 /* NotificationListModel.swift in Sources */ = {isa = PBXBuildFile; fileRef = B0221BC21E8FFD270021BB40 /* NotificationListModel.swift */; };
		B02962C11E97849C00EB38CC /* ActivityPhotoListViewController.swift in Sources */ = {isa = PBXBuildFile; fileRef = B02962C01E97849C00EB38CC /* ActivityPhotoListViewController.swift */; };
		B029B4E31E801AE7004300E8 /* getTokenExtension.swift in Sources */ = {isa = PBXBuildFile; fileRef = B029B4E21E801AE7004300E8 /* getTokenExtension.swift */; };
		B02FA4141E86A87700062D1E /* CommentEnity.swift in Sources */ = {isa = PBXBuildFile; fileRef = B02FA4131E86A87700062D1E /* CommentEnity.swift */; };
		B02FA4171E86ABE600062D1E /* commentListViewController.swift in Sources */ = {isa = PBXBuildFile; fileRef = B02FA4161E86ABE600062D1E /* commentListViewController.swift */; };
		B02FA4191E86ABF500062D1E /* CommentListModel.swift in Sources */ = {isa = PBXBuildFile; fileRef = B02FA4181E86ABF500062D1E /* CommentListModel.swift */; };
		B02FA41B1E86B49200062D1E /* commentTableViewCell.swift in Sources */ = {isa = PBXBuildFile; fileRef = B02FA41A1E86B49200062D1E /* commentTableViewCell.swift */; };
		B03210AD1E87F2CE00A68282 /* replyCommentViewController.swift in Sources */ = {isa = PBXBuildFile; fileRef = B03210AC1E87F2CE00A68282 /* replyCommentViewController.swift */; };
		B03210AF1E87FAA900A68282 /* commentDetailViewController.swift in Sources */ = {isa = PBXBuildFile; fileRef = B03210AE1E87FAA900A68282 /* commentDetailViewController.swift */; };
		B0355E1D1E7AAEA9003429C8 /* PersonalInfomationViewController.swift in Sources */ = {isa = PBXBuildFile; fileRef = B0355E1C1E7AAEA9003429C8 /* PersonalInfomationViewController.swift */; };
		B036EE6D1E9E566100C50BA8 /* PrivateEnity.swift in Sources */ = {isa = PBXBuildFile; fileRef = B036EE6C1E9E566100C50BA8 /* PrivateEnity.swift */; };
		B036EE701E9E57AF00C50BA8 /* privateModel.swift in Sources */ = {isa = PBXBuildFile; fileRef = B036EE6F1E9E57AF00C50BA8 /* privateModel.swift */; };
		B036EE721E9E5E3700C50BA8 /* msgTableViewCell.swift in Sources */ = {isa = PBXBuildFile; fileRef = B036EE711E9E5E3700C50BA8 /* msgTableViewCell.swift */; };
		B036EE741E9E5F5600C50BA8 /* msgListViewController.swift in Sources */ = {isa = PBXBuildFile; fileRef = B036EE731E9E5F5600C50BA8 /* msgListViewController.swift */; };
		B036EE761E9E68F100C50BA8 /* msgDetailViewController.swift in Sources */ = {isa = PBXBuildFile; fileRef = B036EE751E9E68F100C50BA8 /* msgDetailViewController.swift */; };
		B047185C1E8A82C5000488CD /* address.png in Resources */ = {isa = PBXBuildFile; fileRef = B04718581E8A82C5000488CD /* address.png */; };
		B047185D1E8A82C5000488CD /* date.png in Resources */ = {isa = PBXBuildFile; fileRef = B04718591E8A82C5000488CD /* date.png */; };
		B047185E1E8A82C5000488CD /* dollar.png in Resources */ = {isa = PBXBuildFile; fileRef = B047185A1E8A82C5000488CD /* dollar.png */; };
		B047185F1E8A82C5000488CD /* label.png in Resources */ = {isa = PBXBuildFile; fileRef = B047185B1E8A82C5000488CD /* label.png */; };
		B047D7191E892FE900A928EF /* clicklike.png in Resources */ = {isa = PBXBuildFile; fileRef = B047D7151E892FE900A928EF /* clicklike.png */; };
		B047D71A1E892FE900A928EF /* comment.png in Resources */ = {isa = PBXBuildFile; fileRef = B047D7161E892FE900A928EF /* comment.png */; };
		B047D71B1E892FE900A928EF /* notification.png in Resources */ = {isa = PBXBuildFile; fileRef = B047D7171E892FE900A928EF /* notification.png */; };
		B047D71C1E892FE900A928EF /* participate.png in Resources */ = {isa = PBXBuildFile; fileRef = B047D7181E892FE900A928EF /* participate.png */; };
		B047D71E1E89346D00A928EF /* photo.png in Resources */ = {isa = PBXBuildFile; fileRef = B047D71D1E89346D00A928EF /* photo.png */; };
		B047D7201E893B2300A928EF /* havePullfreshAndLoadmoreTableView.swift in Sources */ = {isa = PBXBuildFile; fileRef = B047D71F1E893B2300A928EF /* havePullfreshAndLoadmoreTableView.swift */; };
		B047D7221E893F9B00A928EF /* interest.png in Resources */ = {isa = PBXBuildFile; fileRef = B047D7211E893F9B00A928EF /* interest.png */; };
		B047D7241E893F9E00A928EF /* interestclicked.png in Resources */ = {isa = PBXBuildFile; fileRef = B047D7231E893F9E00A928EF /* interestclicked.png */; };
		B04EBE501EA74DA9004AE632 /* people@2x.png in Resources */ = {isa = PBXBuildFile; fileRef = B04EBE4F1EA74DA9004AE632 /* people@2x.png */; };
		B04EBE521EA75376004AE632 /* ReportViewController.swift in Sources */ = {isa = PBXBuildFile; fileRef = B04EBE511EA75376004AE632 /* ReportViewController.swift */; };
		B04EBE541EA770A8004AE632 /* 搜@2x.png in Resources */ = {isa = PBXBuildFile; fileRef = B04EBE531EA770A8004AE632 /* 搜@2x.png */; };
		B04EBE561EA77242004AE632 /* AddNotificationViewController.swift in Sources */ = {isa = PBXBuildFile; fileRef = B04EBE551EA77242004AE632 /* AddNotificationViewController.swift */; };
		B056B39C1E1E4BFC001B17F2 /* ActivitylistViewController.swift in Sources */ = {isa = PBXBuildFile; fileRef = B056B39B1E1E4BFC001B17F2 /* ActivitylistViewController.swift */; };
		B056B39E1E1E4D53001B17F2 /* slideView.swift in Sources */ = {isa = PBXBuildFile; fileRef = B056B39D1E1E4D53001B17F2 /* slideView.swift */; };
		B05F3F831E222F8800777C82 /* ActivityModel.swift in Sources */ = {isa = PBXBuildFile; fileRef = B05F3F821E222F8800777C82 /* ActivityModel.swift */; };
		B05F3F851E223C8900777C82 /* ActivityDisplayTableViewCell.swift in Sources */ = {isa = PBXBuildFile; fileRef = B05F3F841E223C8900777C82 /* ActivityDisplayTableViewCell.swift */; };
		B05F3F871E223D3D00777C82 /* interested.png in Resources */ = {isa = PBXBuildFile; fileRef = B05F3F861E223D3D00777C82 /* interested.png */; };
		B05F3F8A1E22681700777C82 /* location.png in Resources */ = {isa = PBXBuildFile; fileRef = B05F3F891E22681700777C82 /* location.png */; };
		B07164291E1CF179006A2FCD /* AppDelegate.swift in Sources */ = {isa = PBXBuildFile; fileRef = B07164281E1CF179006A2FCD /* AppDelegate.swift */; };
		B071642E1E1CF179006A2FCD /* Main.storyboard in Resources */ = {isa = PBXBuildFile; fileRef = B071642C1E1CF179006A2FCD /* Main.storyboard */; };
		B07164311E1CF179006A2FCD /* ____.xcdatamodeld in Sources */ = {isa = PBXBuildFile; fileRef = B071642F1E1CF179006A2FCD /* ____.xcdatamodeld */; };
		B07164331E1CF179006A2FCD /* Assets.xcassets in Resources */ = {isa = PBXBuildFile; fileRef = B07164321E1CF179006A2FCD /* Assets.xcassets */; };
		B07164361E1CF179006A2FCD /* LaunchScreen.storyboard in Resources */ = {isa = PBXBuildFile; fileRef = B07164341E1CF179006A2FCD /* LaunchScreen.storyboard */; };
		B07164411E1CF179006A2FCD /* ____Tests.swift in Sources */ = {isa = PBXBuildFile; fileRef = B07164401E1CF179006A2FCD /* ____Tests.swift */; };
		B071644C1E1CF179006A2FCD /* ____UITests.swift in Sources */ = {isa = PBXBuildFile; fileRef = B071644B1E1CF179006A2FCD /* ____UITests.swift */; };
		B071645B1E1CF217006A2FCD /* FirstUseViewController.swift in Sources */ = {isa = PBXBuildFile; fileRef = B071645A1E1CF217006A2FCD /* FirstUseViewController.swift */; };
		B071645D1E1CF326006A2FCD /* LoginViewController.swift in Sources */ = {isa = PBXBuildFile; fileRef = B071645C1E1CF326006A2FCD /* LoginViewController.swift */; };
		B071645F1E1CF339006A2FCD /* SignUpViewController.swift in Sources */ = {isa = PBXBuildFile; fileRef = B071645E1E1CF339006A2FCD /* SignUpViewController.swift */; };
		B07787871EA6FF4400FA44A2 /* report@2x.png in Resources */ = {isa = PBXBuildFile; fileRef = B07787861EA6FF4400FA44A2 /* report@2x.png */; };
		B077878D1EA6FFFB00FA44A2 /* 动态@2x.png in Resources */ = {isa = PBXBuildFile; fileRef = B07787881EA6FFFB00FA44A2 /* 动态@2x.png */; };
		B077878E1EA6FFFB00FA44A2 /* 举报.png in Resources */ = {isa = PBXBuildFile; fileRef = B07787891EA6FFFB00FA44A2 /* 举报.png */; };
		B077878F1EA6FFFB00FA44A2 /* msg@2x.png in Resources */ = {isa = PBXBuildFile; fileRef = B077878A1EA6FFFB00FA44A2 /* msg@2x.png */; };
		B07787901EA6FFFB00FA44A2 /* 消息@2x.png in Resources */ = {isa = PBXBuildFile; fileRef = B077878B1EA6FFFB00FA44A2 /* 消息@2x.png */; };
		B07787911EA6FFFB00FA44A2 /* 资料@2x.png in Resources */ = {isa = PBXBuildFile; fileRef = B077878C1EA6FFFB00FA44A2 /* 资料@2x.png */; };
		B07787951EA708A900FA44A2 /* 人.png in Resources */ = {isa = PBXBuildFile; fileRef = B07787941EA708A900FA44A2 /* 人.png */; };
		B07AE40F1E9A5BFD003D0F58 /* photoDetailViewController.swift in Sources */ = {isa = PBXBuildFile; fileRef = B07AE40E1E9A5BFD003D0F58 /* photoDetailViewController.swift */; };
		B07AE4121E9A78FE003D0F58 /* SearchViewController.swift in Sources */ = {isa = PBXBuildFile; fileRef = B07AE4111E9A78FE003D0F58 /* SearchViewController.swift */; };
		B07AE4141E9A7C19003D0F58 /* searchModel.swift in Sources */ = {isa = PBXBuildFile; fileRef = B07AE4131E9A7C19003D0F58 /* searchModel.swift */; };
		B08AFDE11E7D5524004C9C96 /* ShowUserViewController.swift in Sources */ = {isa = PBXBuildFile; fileRef = B08AFDE01E7D5524004C9C96 /* ShowUserViewController.swift */; };
		B08AFDE41E7D5590004C9C96 /* PullDataDelegate.swift in Sources */ = {isa = PBXBuildFile; fileRef = B08AFDE31E7D5590004C9C96 /* PullDataDelegate.swift */; };
		B08AFDE61E7D5D58004C9C96 /* FollowersOrFansModel.swift in Sources */ = {isa = PBXBuildFile; fileRef = B08AFDE51E7D5D58004C9C96 /* FollowersOrFansModel.swift */; };
		B08CE0CB1E82A45000DA44A3 /* UserActivityListModel.swift in Sources */ = {isa = PBXBuildFile; fileRef = B08CE0CA1E82A45000DA44A3 /* UserActivityListModel.swift */; };
		B08CE0CD1E82AAB500DA44A3 /* ActiveEnity.swift in Sources */ = {isa = PBXBuildFile; fileRef = B08CE0CC1E82AAB500DA44A3 /* ActiveEnity.swift */; };
		B08D2C791EA63FA0004EDE44 /* UserImageListViewController.swift in Sources */ = {isa = PBXBuildFile; fileRef = B08D2C781EA63FA0004EDE44 /* UserImageListViewController.swift */; };
		B08D2C7B1EA640A7004EDE44 /* UserImageModel.swift in Sources */ = {isa = PBXBuildFile; fileRef = B08D2C7A1EA640A7004EDE44 /* UserImageModel.swift */; };
		B08D2C7D1EA64994004EDE44 /* more.png in Resources */ = {isa = PBXBuildFile; fileRef = B08D2C7C1EA64994004EDE44 /* more.png */; };
		B096D2B41E7AB56600E5D201 /* UserInformationModel.swift in Sources */ = {isa = PBXBuildFile; fileRef = B096D2B31E7AB56600E5D201 /* UserInformationModel.swift */; };
		B096D2B71E7AC62900E5D201 /* UserInformationEnity.swift in Sources */ = {isa = PBXBuildFile; fileRef = B096D2B61E7AC62900E5D201 /* UserInformationEnity.swift */; };
		B096D2BA1E7AC65E00E5D201 /* ActivityEnity.swift in Sources */ = {isa = PBXBuildFile; fileRef = B096D2B91E7AC65E00E5D201 /* ActivityEnity.swift */; };
		B0B8439C1E9F14B8004BDC91 /* singleClassManager.swift in Sources */ = {isa = PBXBuildFile; fileRef = B0B8439B1E9F14B8004BDC91 /* singleClassManager.swift */; };
		B0D2C1561EABA66F006C9D3F /* EditPasswordViewController.swift in Sources */ = {isa = PBXBuildFile; fileRef = B0D2C1551EABA66F006C9D3F /* EditPasswordViewController.swift */; };
		B0DC12AF1E8A98F700428E97 /* EditActivityViewController.swift in Sources */ = {isa = PBXBuildFile; fileRef = B0DC12AE1E8A98F700428E97 /* EditActivityViewController.swift */; };
		B0E5BD5F1E911FFE004F1113 /* ActivityLocationViewController.swift in Sources */ = {isa = PBXBuildFile; fileRef = B0E5BD5E1E911FFE004F1113 /* ActivityLocationViewController.swift */; };
		B0E5BD611E913039004F1113 /* ActivityListModel.swift in Sources */ = {isa = PBXBuildFile; fileRef = B0E5BD601E913039004F1113 /* ActivityListModel.swift */; };
		B0E6243A1E8D30C600C39218 /* LocationSelectViewController.swift in Sources */ = {isa = PBXBuildFile; fileRef = B0E624391E8D30C600C39218 /* LocationSelectViewController.swift */; };
		B0ED2B761EA9F4EF00D98370 /* down@2x.png in Resources */ = {isa = PBXBuildFile; fileRef = B0ED2B751EA9F4EF00D98370 /* down@2x.png */; };
		B0F057891EACD291001800A5 /* recommendUserView.swift in Sources */ = {isa = PBXBuildFile; fileRef = B0F057881EACD291001800A5 /* recommendUserView.swift */; };
		B0F057931EACE5C8001800A5 /* Security.framework in Frameworks */ = {isa = PBXBuildFile; fileRef = B0F057921EACE5C8001800A5 /* Security.framework */; };
		B0F057951EACE5E9001800A5 /* libiconv.tbd in Frameworks */ = {isa = PBXBuildFile; fileRef = B0F057941EACE5E9001800A5 /* libiconv.tbd */; };
		B0F057971EACE5F5001800A5 /* SystemConfiguration.framework in Frameworks */ = {isa = PBXBuildFile; fileRef = B0F057961EACE5F5001800A5 /* SystemConfiguration.framework */; };
		B0F057991EACE5FD001800A5 /* CoreGraphics.framework in Frameworks */ = {isa = PBXBuildFile; fileRef = B0F057981EACE5FD001800A5 /* CoreGraphics.framework */; };
		B0F0579B1EACE609001800A5 /* libsqlite3.tbd in Frameworks */ = {isa = PBXBuildFile; fileRef = B0F0579A1EACE609001800A5 /* libsqlite3.tbd */; };
		B0F0579D1EACE611001800A5 /* CoreTelephony.framework in Frameworks */ = {isa = PBXBuildFile; fileRef = B0F0579C1EACE611001800A5 /* CoreTelephony.framework */; };
		B0F0579F1EACE61B001800A5 /* libstdc++.tbd in Frameworks */ = {isa = PBXBuildFile; fileRef = B0F0579E1EACE61B001800A5 /* libstdc++.tbd */; };
		B0F057A11EACE623001800A5 /* libz.tbd in Frameworks */ = {isa = PBXBuildFile; fileRef = B0F057A01EACE623001800A5 /* libz.tbd */; };
		B0F057A31EACE7BF001800A5 /* TencentOpenApi_IOS_Bundle.bundle in Resources */ = {isa = PBXBuildFile; fileRef = B0F057A21EACE7BF001800A5 /* TencentOpenApi_IOS_Bundle.bundle */; };
		B0F057A51EACE9B0001800A5 /* TencentOpenAPI.framework in Frameworks */ = {isa = PBXBuildFile; fileRef = B0F057A41EACE9B0001800A5 /* TencentOpenAPI.framework */; };
		B0F2EEC21EA208DC003FF390 /* DetailPrivateModel.swift in Sources */ = {isa = PBXBuildFile; fileRef = B0F2EEC11EA208DC003FF390 /* DetailPrivateModel.swift */; };
		B0F4E0C11E7EB4F40097B4FD /* UserInformationTableViewCell.swift in Sources */ = {isa = PBXBuildFile; fileRef = B0F4E0C01E7EB4F40097B4FD /* UserInformationTableViewCell.swift */; };
		B0F4E0C51E7EBE200097B4FD /* haveUidButton.swift in Sources */ = {isa = PBXBuildFile; fileRef = B0F4E0C41E7EBE200097B4FD /* haveUidButton.swift */; };
		B0F762721E966B8E00E0169A /* timelineCommentTableViewCell.swift in Sources */ = {isa = PBXBuildFile; fileRef = B0F762711E966B8E00E0169A /* timelineCommentTableViewCell.swift */; };
		B0F762741E966BA200E0169A /* timelineActivityTableViewCell.swift in Sources */ = {isa = PBXBuildFile; fileRef = B0F762731E966BA200E0169A /* timelineActivityTableViewCell.swift */; };
		B0F762761E966BB000E0169A /* timelineUserTableViewCell.swift in Sources */ = {isa = PBXBuildFile; fileRef = B0F762751E966BB000E0169A /* timelineUserTableViewCell.swift */; };
		B0F762781E966BC100E0169A /* timelineNotificationTableViewCell.swift in Sources */ = {isa = PBXBuildFile; fileRef = B0F762771E966BC100E0169A /* timelineNotificationTableViewCell.swift */; };
		B0F7627A1E966BCE00E0169A /* timelinePhotoTableViewCell.swift in Sources */ = {isa = PBXBuildFile; fileRef = B0F762791E966BCE00E0169A /* timelinePhotoTableViewCell.swift */; };
		B0F7627C1E966D4400E0169A /* TimeLineViewController.swift in Sources */ = {isa = PBXBuildFile; fileRef = B0F7627B1E966D4400E0169A /* TimeLineViewController.swift */; };
		B0F7627E1E966DB300E0169A /* timeLineModel.swift in Sources */ = {isa = PBXBuildFile; fileRef = B0F7627D1E966DB300E0169A /* timeLineModel.swift */; };
/* End PBXBuildFile section */

/* Begin PBXContainerItemProxy section */
		B071643D1E1CF179006A2FCD /* PBXContainerItemProxy */ = {
			isa = PBXContainerItemProxy;
			containerPortal = B071641D1E1CF179006A2FCD /* Project object */;
			proxyType = 1;
			remoteGlobalIDString = B07164241E1CF179006A2FCD;
			remoteInfo = "约玩平台";
		};
		B07164481E1CF179006A2FCD /* PBXContainerItemProxy */ = {
			isa = PBXContainerItemProxy;
			containerPortal = B071641D1E1CF179006A2FCD /* Project object */;
			proxyType = 1;
			remoteGlobalIDString = B07164241E1CF179006A2FCD;
			remoteInfo = "约玩平台";
		};
/* End PBXContainerItemProxy section */

/* Begin PBXFileReference section */
		1146A52A6370EFB3F56A48DD /* Pods-约玩平台.release.xcconfig */ = {isa = PBXFileReference; includeInIndex = 1; lastKnownFileType = text.xcconfig; name = "Pods-约玩平台.release.xcconfig"; path = "Pods/Target Support Files/Pods-约玩平台/Pods-约玩平台.release.xcconfig"; sourceTree = "<group>"; };
		B00038C81E98FEBD00ED2228 /* PhotoEnity.swift */ = {isa = PBXFileReference; fileEncoding = 4; lastKnownFileType = sourcecode.swift; path = PhotoEnity.swift; sourceTree = "<group>"; };
		B00038CA1E98FFC700ED2228 /* ActivityPhotoModel.swift */ = {isa = PBXFileReference; fileEncoding = 4; lastKnownFileType = sourcecode.swift; path = ActivityPhotoModel.swift; sourceTree = "<group>"; };
		B00038CC1E991A7800ED2228 /* activityuploadPhotoViewController.swift */ = {isa = PBXFileReference; fileEncoding = 4; lastKnownFileType = sourcecode.swift; path = activityuploadPhotoViewController.swift; sourceTree = "<group>"; };
		B0107B4E1E83EFC30040493A /* simplyActivityTableViewCell.swift */ = {isa = PBXFileReference; fileEncoding = 4; lastKnownFileType = sourcecode.swift; path = simplyActivityTableViewCell.swift; sourceTree = "<group>"; };
		B0107B501E83F9160040493A /* ActicityDetailViewController.swift */ = {isa = PBXFileReference; fileEncoding = 4; lastKnownFileType = sourcecode.swift; name = ActicityDetailViewController.swift; path = ../ActicityDetailViewController.swift; sourceTree = "<group>"; };
		B0107B521E8405FB0040493A /* ActivityDetailModel.swift */ = {isa = PBXFileReference; fileEncoding = 4; lastKnownFileType = sourcecode.swift; name = ActivityDetailModel.swift; path = ../ActivityDetailModel.swift; sourceTree = "<group>"; };
		B010BCA51E7FF8260085CD79 /* EditPersonalInformationViewController.swift */ = {isa = PBXFileReference; fileEncoding = 4; lastKnownFileType = sourcecode.swift; path = EditPersonalInformationViewController.swift; sourceTree = "<group>"; };
		B01BE23B1E97C28200B1FB76 /* c37cea0a6e642c5a8ad0457a8f2a6c75.jpg */ = {isa = PBXFileReference; lastKnownFileType = image.jpeg; path = c37cea0a6e642c5a8ad0457a8f2a6c75.jpg; sourceTree = "<group>"; };
		B01BE23D1E97C37800B1FB76 /* icon.png */ = {isa = PBXFileReference; lastKnownFileType = image.png; path = icon.png; sourceTree = "<group>"; };
		B020C1CD1EA65C7F00243901 /* 发现@2x.png */ = {isa = PBXFileReference; lastKnownFileType = image.png; path = "发现@2x.png"; sourceTree = "<group>"; };
		B020C1D01EA65D5900243901 /* 举报@2x.png */ = {isa = PBXFileReference; lastKnownFileType = image.png; path = "举报@2x.png"; sourceTree = "<group>"; };
		B0221BBC1E8FEBDC0021BB40 /* NotificationEnity.swift */ = {isa = PBXFileReference; fileEncoding = 4; lastKnownFileType = sourcecode.swift; path = NotificationEnity.swift; sourceTree = "<group>"; };
		B0221BBE1E8FFB2B0021BB40 /* NotificationListViewController.swift */ = {isa = PBXFileReference; fileEncoding = 4; lastKnownFileType = sourcecode.swift; path = NotificationListViewController.swift; sourceTree = "<group>"; };
		B0221BC01E8FFB470021BB40 /* NotificationTableViewCell.swift */ = {isa = PBXFileReference; fileEncoding = 4; lastKnownFileType = sourcecode.swift; path = NotificationTableViewCell.swift; sourceTree = "<group>"; };
		B0221BC21E8FFD270021BB40 /* NotificationListModel.swift */ = {isa = PBXFileReference; fileEncoding = 4; lastKnownFileType = sourcecode.swift; path = NotificationListModel.swift; sourceTree = "<group>"; };
		B02962C01E97849C00EB38CC /* ActivityPhotoListViewController.swift */ = {isa = PBXFileReference; fileEncoding = 4; lastKnownFileType = sourcecode.swift; path = ActivityPhotoListViewController.swift; sourceTree = "<group>"; };
		B029B4E21E801AE7004300E8 /* getTokenExtension.swift */ = {isa = PBXFileReference; fileEncoding = 4; lastKnownFileType = sourcecode.swift; path = getTokenExtension.swift; sourceTree = "<group>"; };
		B02FA4131E86A87700062D1E /* CommentEnity.swift */ = {isa = PBXFileReference; fileEncoding = 4; lastKnownFileType = sourcecode.swift; path = CommentEnity.swift; sourceTree = "<group>"; };
		B02FA4161E86ABE600062D1E /* commentListViewController.swift */ = {isa = PBXFileReference; fileEncoding = 4; lastKnownFileType = sourcecode.swift; path = commentListViewController.swift; sourceTree = "<group>"; };
		B02FA4181E86ABF500062D1E /* CommentListModel.swift */ = {isa = PBXFileReference; fileEncoding = 4; lastKnownFileType = sourcecode.swift; path = CommentListModel.swift; sourceTree = "<group>"; };
		B02FA41A1E86B49200062D1E /* commentTableViewCell.swift */ = {isa = PBXFileReference; fileEncoding = 4; lastKnownFileType = sourcecode.swift; path = commentTableViewCell.swift; sourceTree = "<group>"; };
		B03210AC1E87F2CE00A68282 /* replyCommentViewController.swift */ = {isa = PBXFileReference; fileEncoding = 4; lastKnownFileType = sourcecode.swift; path = replyCommentViewController.swift; sourceTree = "<group>"; };
		B03210AE1E87FAA900A68282 /* commentDetailViewController.swift */ = {isa = PBXFileReference; fileEncoding = 4; lastKnownFileType = sourcecode.swift; path = commentDetailViewController.swift; sourceTree = "<group>"; };
		B0355E1C1E7AAEA9003429C8 /* PersonalInfomationViewController.swift */ = {isa = PBXFileReference; fileEncoding = 4; lastKnownFileType = sourcecode.swift; path = PersonalInfomationViewController.swift; sourceTree = "<group>"; };
		B036EE6C1E9E566100C50BA8 /* PrivateEnity.swift */ = {isa = PBXFileReference; fileEncoding = 4; lastKnownFileType = sourcecode.swift; path = PrivateEnity.swift; sourceTree = "<group>"; };
		B036EE6F1E9E57AF00C50BA8 /* privateModel.swift */ = {isa = PBXFileReference; fileEncoding = 4; lastKnownFileType = sourcecode.swift; path = privateModel.swift; sourceTree = "<group>"; };
		B036EE711E9E5E3700C50BA8 /* msgTableViewCell.swift */ = {isa = PBXFileReference; fileEncoding = 4; lastKnownFileType = sourcecode.swift; path = msgTableViewCell.swift; sourceTree = "<group>"; };
		B036EE731E9E5F5600C50BA8 /* msgListViewController.swift */ = {isa = PBXFileReference; fileEncoding = 4; lastKnownFileType = sourcecode.swift; path = msgListViewController.swift; sourceTree = "<group>"; };
		B036EE751E9E68F100C50BA8 /* msgDetailViewController.swift */ = {isa = PBXFileReference; fileEncoding = 4; lastKnownFileType = sourcecode.swift; path = msgDetailViewController.swift; sourceTree = "<group>"; };
		B04718581E8A82C5000488CD /* address.png */ = {isa = PBXFileReference; lastKnownFileType = image.png; path = address.png; sourceTree = "<group>"; };
		B04718591E8A82C5000488CD /* date.png */ = {isa = PBXFileReference; lastKnownFileType = image.png; path = date.png; sourceTree = "<group>"; };
		B047185A1E8A82C5000488CD /* dollar.png */ = {isa = PBXFileReference; lastKnownFileType = image.png; path = dollar.png; sourceTree = "<group>"; };
		B047185B1E8A82C5000488CD /* label.png */ = {isa = PBXFileReference; lastKnownFileType = image.png; path = label.png; sourceTree = "<group>"; };
		B047D7151E892FE900A928EF /* clicklike.png */ = {isa = PBXFileReference; lastKnownFileType = image.png; path = clicklike.png; sourceTree = "<group>"; };
		B047D7161E892FE900A928EF /* comment.png */ = {isa = PBXFileReference; lastKnownFileType = image.png; path = comment.png; sourceTree = "<group>"; };
		B047D7171E892FE900A928EF /* notification.png */ = {isa = PBXFileReference; lastKnownFileType = image.png; path = notification.png; sourceTree = "<group>"; };
		B047D7181E892FE900A928EF /* participate.png */ = {isa = PBXFileReference; lastKnownFileType = image.png; path = participate.png; sourceTree = "<group>"; };
		B047D71D1E89346D00A928EF /* photo.png */ = {isa = PBXFileReference; lastKnownFileType = image.png; path = photo.png; sourceTree = "<group>"; };
		B047D71F1E893B2300A928EF /* havePullfreshAndLoadmoreTableView.swift */ = {isa = PBXFileReference; fileEncoding = 4; lastKnownFileType = sourcecode.swift; path = havePullfreshAndLoadmoreTableView.swift; sourceTree = "<group>"; };
		B047D7211E893F9B00A928EF /* interest.png */ = {isa = PBXFileReference; lastKnownFileType = image.png; path = interest.png; sourceTree = "<group>"; };
		B047D7231E893F9E00A928EF /* interestclicked.png */ = {isa = PBXFileReference; lastKnownFileType = image.png; path = interestclicked.png; sourceTree = "<group>"; };
		B04EBE4F1EA74DA9004AE632 /* people@2x.png */ = {isa = PBXFileReference; lastKnownFileType = image.png; path = "people@2x.png"; sourceTree = "<group>"; };
		B04EBE511EA75376004AE632 /* ReportViewController.swift */ = {isa = PBXFileReference; fileEncoding = 4; lastKnownFileType = sourcecode.swift; name = ReportViewController.swift; path = "约玩平台/ReportViewController.swift"; sourceTree = "<group>"; };
		B04EBE531EA770A8004AE632 /* 搜@2x.png */ = {isa = PBXFileReference; lastKnownFileType = image.png; path = "搜@2x.png"; sourceTree = "<group>"; };
		B04EBE551EA77242004AE632 /* AddNotificationViewController.swift */ = {isa = PBXFileReference; fileEncoding = 4; lastKnownFileType = sourcecode.swift; path = AddNotificationViewController.swift; sourceTree = "<group>"; };
		B056B39B1E1E4BFC001B17F2 /* ActivitylistViewController.swift */ = {isa = PBXFileReference; fileEncoding = 4; lastKnownFileType = sourcecode.swift; path = ActivitylistViewController.swift; sourceTree = "<group>"; };
		B056B39D1E1E4D53001B17F2 /* slideView.swift */ = {isa = PBXFileReference; fileEncoding = 4; lastKnownFileType = sourcecode.swift; path = slideView.swift; sourceTree = "<group>"; };
		B05F3F821E222F8800777C82 /* ActivityModel.swift */ = {isa = PBXFileReference; fileEncoding = 4; lastKnownFileType = sourcecode.swift; path = ActivityModel.swift; sourceTree = "<group>"; };
		B05F3F841E223C8900777C82 /* ActivityDisplayTableViewCell.swift */ = {isa = PBXFileReference; fileEncoding = 4; lastKnownFileType = sourcecode.swift; path = ActivityDisplayTableViewCell.swift; sourceTree = "<group>"; };
		B05F3F861E223D3D00777C82 /* interested.png */ = {isa = PBXFileReference; lastKnownFileType = image.png; path = interested.png; sourceTree = "<group>"; };
		B05F3F891E22681700777C82 /* location.png */ = {isa = PBXFileReference; lastKnownFileType = image.png; path = location.png; sourceTree = "<group>"; };
		B07164251E1CF179006A2FCD /* 约玩平台.app */ = {isa = PBXFileReference; explicitFileType = wrapper.application; includeInIndex = 0; path = "约玩平台.app"; sourceTree = BUILT_PRODUCTS_DIR; };
		B07164281E1CF179006A2FCD /* AppDelegate.swift */ = {isa = PBXFileReference; lastKnownFileType = sourcecode.swift; path = AppDelegate.swift; sourceTree = "<group>"; };
		B071642D1E1CF179006A2FCD /* Base */ = {isa = PBXFileReference; lastKnownFileType = file.storyboard; name = Base; path = Base.lproj/Main.storyboard; sourceTree = "<group>"; };
		B07164301E1CF179006A2FCD /* ____.xcdatamodel */ = {isa = PBXFileReference; lastKnownFileType = wrapper.xcdatamodel; path = "____.xcdatamodel"; sourceTree = "<group>"; };
		B07164321E1CF179006A2FCD /* Assets.xcassets */ = {isa = PBXFileReference; lastKnownFileType = folder.assetcatalog; path = Assets.xcassets; sourceTree = "<group>"; };
		B07164351E1CF179006A2FCD /* Base */ = {isa = PBXFileReference; lastKnownFileType = file.storyboard; name = Base; path = Base.lproj/LaunchScreen.storyboard; sourceTree = "<group>"; };
		B07164371E1CF179006A2FCD /* Info.plist */ = {isa = PBXFileReference; lastKnownFileType = text.plist.xml; path = Info.plist; sourceTree = "<group>"; };
		B071643C1E1CF179006A2FCD /* 约玩平台Tests.xctest */ = {isa = PBXFileReference; explicitFileType = wrapper.cfbundle; includeInIndex = 0; path = "约玩平台Tests.xctest"; sourceTree = BUILT_PRODUCTS_DIR; };
		B07164401E1CF179006A2FCD /* ____Tests.swift */ = {isa = PBXFileReference; lastKnownFileType = sourcecode.swift; path = "____Tests.swift"; sourceTree = "<group>"; };
		B07164421E1CF179006A2FCD /* Info.plist */ = {isa = PBXFileReference; lastKnownFileType = text.plist.xml; path = Info.plist; sourceTree = "<group>"; };
		B07164471E1CF179006A2FCD /* 约玩平台UITests.xctest */ = {isa = PBXFileReference; explicitFileType = wrapper.cfbundle; includeInIndex = 0; path = "约玩平台UITests.xctest"; sourceTree = BUILT_PRODUCTS_DIR; };
		B071644B1E1CF179006A2FCD /* ____UITests.swift */ = {isa = PBXFileReference; lastKnownFileType = sourcecode.swift; path = "____UITests.swift"; sourceTree = "<group>"; };
		B071644D1E1CF179006A2FCD /* Info.plist */ = {isa = PBXFileReference; lastKnownFileType = text.plist.xml; path = Info.plist; sourceTree = "<group>"; };
		B071645A1E1CF217006A2FCD /* FirstUseViewController.swift */ = {isa = PBXFileReference; fileEncoding = 4; lastKnownFileType = sourcecode.swift; path = FirstUseViewController.swift; sourceTree = "<group>"; };
		B071645C1E1CF326006A2FCD /* LoginViewController.swift */ = {isa = PBXFileReference; fileEncoding = 4; lastKnownFileType = sourcecode.swift; path = LoginViewController.swift; sourceTree = "<group>"; };
		B071645E1E1CF339006A2FCD /* SignUpViewController.swift */ = {isa = PBXFileReference; fileEncoding = 4; lastKnownFileType = sourcecode.swift; path = SignUpViewController.swift; sourceTree = "<group>"; };
		B07787861EA6FF4400FA44A2 /* report@2x.png */ = {isa = PBXFileReference; lastKnownFileType = image.png; path = "report@2x.png"; sourceTree = "<group>"; };
		B07787881EA6FFFB00FA44A2 /* 动态@2x.png */ = {isa = PBXFileReference; lastKnownFileType = image.png; path = "动态@2x.png"; sourceTree = "<group>"; };
		B07787891EA6FFFB00FA44A2 /* 举报.png */ = {isa = PBXFileReference; lastKnownFileType = image.png; path = "举报.png"; sourceTree = "<group>"; };
		B077878A1EA6FFFB00FA44A2 /* msg@2x.png */ = {isa = PBXFileReference; lastKnownFileType = image.png; path = "msg@2x.png"; sourceTree = "<group>"; };
		B077878B1EA6FFFB00FA44A2 /* 消息@2x.png */ = {isa = PBXFileReference; lastKnownFileType = image.png; path = "消息@2x.png"; sourceTree = "<group>"; };
		B077878C1EA6FFFB00FA44A2 /* 资料@2x.png */ = {isa = PBXFileReference; lastKnownFileType = image.png; path = "资料@2x.png"; sourceTree = "<group>"; };
		B07787941EA708A900FA44A2 /* 人.png */ = {isa = PBXFileReference; lastKnownFileType = image.png; path = "人.png"; sourceTree = "<group>"; };
		B07AE40E1E9A5BFD003D0F58 /* photoDetailViewController.swift */ = {isa = PBXFileReference; fileEncoding = 4; lastKnownFileType = sourcecode.swift; path = photoDetailViewController.swift; sourceTree = "<group>"; };
		B07AE4111E9A78FE003D0F58 /* SearchViewController.swift */ = {isa = PBXFileReference; fileEncoding = 4; lastKnownFileType = sourcecode.swift; path = SearchViewController.swift; sourceTree = "<group>"; };
		B07AE4131E9A7C19003D0F58 /* searchModel.swift */ = {isa = PBXFileReference; fileEncoding = 4; lastKnownFileType = sourcecode.swift; path = searchModel.swift; sourceTree = "<group>"; };
		B08AFDE01E7D5524004C9C96 /* ShowUserViewController.swift */ = {isa = PBXFileReference; fileEncoding = 4; lastKnownFileType = sourcecode.swift; path = ShowUserViewController.swift; sourceTree = "<group>"; };
		B08AFDE31E7D5590004C9C96 /* PullDataDelegate.swift */ = {isa = PBXFileReference; fileEncoding = 4; lastKnownFileType = sourcecode.swift; path = PullDataDelegate.swift; sourceTree = "<group>"; };
		B08AFDE51E7D5D58004C9C96 /* FollowersOrFansModel.swift */ = {isa = PBXFileReference; fileEncoding = 4; lastKnownFileType = sourcecode.swift; path = FollowersOrFansModel.swift; sourceTree = "<group>"; };
		B08CE0CA1E82A45000DA44A3 /* UserActivityListModel.swift */ = {isa = PBXFileReference; fileEncoding = 4; lastKnownFileType = sourcecode.swift; path = UserActivityListModel.swift; sourceTree = "<group>"; };
		B08CE0CC1E82AAB500DA44A3 /* ActiveEnity.swift */ = {isa = PBXFileReference; fileEncoding = 4; lastKnownFileType = sourcecode.swift; path = ActiveEnity.swift; sourceTree = "<group>"; };
		B08D2C781EA63FA0004EDE44 /* UserImageListViewController.swift */ = {isa = PBXFileReference; fileEncoding = 4; lastKnownFileType = sourcecode.swift; path = UserImageListViewController.swift; sourceTree = "<group>"; };
		B08D2C7A1EA640A7004EDE44 /* UserImageModel.swift */ = {isa = PBXFileReference; fileEncoding = 4; lastKnownFileType = sourcecode.swift; path = UserImageModel.swift; sourceTree = "<group>"; };
		B08D2C7C1EA64994004EDE44 /* more.png */ = {isa = PBXFileReference; lastKnownFileType = image.png; path = more.png; sourceTree = "<group>"; };
		B096D2B31E7AB56600E5D201 /* UserInformationModel.swift */ = {isa = PBXFileReference; fileEncoding = 4; lastKnownFileType = sourcecode.swift; path = UserInformationModel.swift; sourceTree = "<group>"; };
		B096D2B61E7AC62900E5D201 /* UserInformationEnity.swift */ = {isa = PBXFileReference; fileEncoding = 4; lastKnownFileType = sourcecode.swift; path = UserInformationEnity.swift; sourceTree = "<group>"; };
		B096D2B91E7AC65E00E5D201 /* ActivityEnity.swift */ = {isa = PBXFileReference; fileEncoding = 4; lastKnownFileType = sourcecode.swift; path = ActivityEnity.swift; sourceTree = "<group>"; };
		B09B8D4A1E1CFEA90056EB2A /* bridgingheader.h */ = {isa = PBXFileReference; lastKnownFileType = sourcecode.c.h; path = bridgingheader.h; sourceTree = "<group>"; };
		B0B8439B1E9F14B8004BDC91 /* singleClassManager.swift */ = {isa = PBXFileReference; fileEncoding = 4; lastKnownFileType = sourcecode.swift; path = singleClassManager.swift; sourceTree = "<group>"; };
		B0D2C1551EABA66F006C9D3F /* EditPasswordViewController.swift */ = {isa = PBXFileReference; fileEncoding = 4; lastKnownFileType = sourcecode.swift; path = EditPasswordViewController.swift; sourceTree = "<group>"; };
		B0DC12AE1E8A98F700428E97 /* EditActivityViewController.swift */ = {isa = PBXFileReference; fileEncoding = 4; lastKnownFileType = sourcecode.swift; path = EditActivityViewController.swift; sourceTree = "<group>"; };
		B0E5BD5E1E911FFE004F1113 /* ActivityLocationViewController.swift */ = {isa = PBXFileReference; fileEncoding = 4; lastKnownFileType = sourcecode.swift; path = ActivityLocationViewController.swift; sourceTree = "<group>"; };
		B0E5BD601E913039004F1113 /* ActivityListModel.swift */ = {isa = PBXFileReference; fileEncoding = 4; lastKnownFileType = sourcecode.swift; path = ActivityListModel.swift; sourceTree = "<group>"; };
		B0E624391E8D30C600C39218 /* LocationSelectViewController.swift */ = {isa = PBXFileReference; fileEncoding = 4; lastKnownFileType = sourcecode.swift; path = LocationSelectViewController.swift; sourceTree = "<group>"; };
		B0ED2B751EA9F4EF00D98370 /* down@2x.png */ = {isa = PBXFileReference; lastKnownFileType = image.png; path = "down@2x.png"; sourceTree = "<group>"; };
		B0F057881EACD291001800A5 /* recommendUserView.swift */ = {isa = PBXFileReference; fileEncoding = 4; lastKnownFileType = sourcecode.swift; path = recommendUserView.swift; sourceTree = "<group>"; };
		B0F057921EACE5C8001800A5 /* Security.framework */ = {isa = PBXFileReference; lastKnownFileType = wrapper.framework; name = Security.framework; path = System/Library/Frameworks/Security.framework; sourceTree = SDKROOT; };
		B0F057941EACE5E9001800A5 /* libiconv.tbd */ = {isa = PBXFileReference; lastKnownFileType = "sourcecode.text-based-dylib-definition"; name = libiconv.tbd; path = usr/lib/libiconv.tbd; sourceTree = SDKROOT; };
		B0F057961EACE5F5001800A5 /* SystemConfiguration.framework */ = {isa = PBXFileReference; lastKnownFileType = wrapper.framework; name = SystemConfiguration.framework; path = System/Library/Frameworks/SystemConfiguration.framework; sourceTree = SDKROOT; };
		B0F057981EACE5FD001800A5 /* CoreGraphics.framework */ = {isa = PBXFileReference; lastKnownFileType = wrapper.framework; name = CoreGraphics.framework; path = System/Library/Frameworks/CoreGraphics.framework; sourceTree = SDKROOT; };
		B0F0579A1EACE609001800A5 /* libsqlite3.tbd */ = {isa = PBXFileReference; lastKnownFileType = "sourcecode.text-based-dylib-definition"; name = libsqlite3.tbd; path = usr/lib/libsqlite3.tbd; sourceTree = SDKROOT; };
		B0F0579C1EACE611001800A5 /* CoreTelephony.framework */ = {isa = PBXFileReference; lastKnownFileType = wrapper.framework; name = CoreTelephony.framework; path = System/Library/Frameworks/CoreTelephony.framework; sourceTree = SDKROOT; };
		B0F0579E1EACE61B001800A5 /* libstdc++.tbd */ = {isa = PBXFileReference; lastKnownFileType = "sourcecode.text-based-dylib-definition"; name = "libstdc++.tbd"; path = "usr/lib/libstdc++.tbd"; sourceTree = SDKROOT; };
		B0F057A01EACE623001800A5 /* libz.tbd */ = {isa = PBXFileReference; lastKnownFileType = "sourcecode.text-based-dylib-definition"; name = libz.tbd; path = usr/lib/libz.tbd; sourceTree = SDKROOT; };
		B0F057A21EACE7BF001800A5 /* TencentOpenApi_IOS_Bundle.bundle */ = {isa = PBXFileReference; lastKnownFileType = "wrapper.plug-in"; path = TencentOpenApi_IOS_Bundle.bundle; sourceTree = "<group>"; };
		B0F057A41EACE9B0001800A5 /* TencentOpenAPI.framework */ = {isa = PBXFileReference; lastKnownFileType = wrapper.framework; path = TencentOpenAPI.framework; sourceTree = "<group>"; };
		B0F2EEC11EA208DC003FF390 /* DetailPrivateModel.swift */ = {isa = PBXFileReference; fileEncoding = 4; lastKnownFileType = sourcecode.swift; path = DetailPrivateModel.swift; sourceTree = "<group>"; };
		B0F4E0C01E7EB4F40097B4FD /* UserInformationTableViewCell.swift */ = {isa = PBXFileReference; fileEncoding = 4; lastKnownFileType = sourcecode.swift; path = UserInformationTableViewCell.swift; sourceTree = "<group>"; };
		B0F4E0C41E7EBE200097B4FD /* haveUidButton.swift */ = {isa = PBXFileReference; fileEncoding = 4; lastKnownFileType = sourcecode.swift; path = haveUidButton.swift; sourceTree = "<group>"; };
		B0F762711E966B8E00E0169A /* timelineCommentTableViewCell.swift */ = {isa = PBXFileReference; fileEncoding = 4; lastKnownFileType = sourcecode.swift; path = timelineCommentTableViewCell.swift; sourceTree = "<group>"; };
		B0F762731E966BA200E0169A /* timelineActivityTableViewCell.swift */ = {isa = PBXFileReference; fileEncoding = 4; lastKnownFileType = sourcecode.swift; path = timelineActivityTableViewCell.swift; sourceTree = "<group>"; };
		B0F762751E966BB000E0169A /* timelineUserTableViewCell.swift */ = {isa = PBXFileReference; fileEncoding = 4; lastKnownFileType = sourcecode.swift; path = timelineUserTableViewCell.swift; sourceTree = "<group>"; };
		B0F762771E966BC100E0169A /* timelineNotificationTableViewCell.swift */ = {isa = PBXFileReference; fileEncoding = 4; lastKnownFileType = sourcecode.swift; path = timelineNotificationTableViewCell.swift; sourceTree = "<group>"; };
		B0F762791E966BCE00E0169A /* timelinePhotoTableViewCell.swift */ = {isa = PBXFileReference; fileEncoding = 4; lastKnownFileType = sourcecode.swift; path = timelinePhotoTableViewCell.swift; sourceTree = "<group>"; };
		B0F7627B1E966D4400E0169A /* TimeLineViewController.swift */ = {isa = PBXFileReference; fileEncoding = 4; lastKnownFileType = sourcecode.swift; path = TimeLineViewController.swift; sourceTree = "<group>"; };
		B0F7627D1E966DB300E0169A /* timeLineModel.swift */ = {isa = PBXFileReference; fileEncoding = 4; lastKnownFileType = sourcecode.swift; path = timeLineModel.swift; sourceTree = "<group>"; };
		D80C8CCBBB79A3AE310B1C7A /* libPods-约玩平台.a */ = {isa = PBXFileReference; explicitFileType = archive.ar; includeInIndex = 0; path = "libPods-约玩平台.a"; sourceTree = BUILT_PRODUCTS_DIR; };
		F4B36326D918E89785D71C26 /* Pods-约玩平台.debug.xcconfig */ = {isa = PBXFileReference; includeInIndex = 1; lastKnownFileType = text.xcconfig; name = "Pods-约玩平台.debug.xcconfig"; path = "Pods/Target Support Files/Pods-约玩平台/Pods-约玩平台.debug.xcconfig"; sourceTree = "<group>"; };
/* End PBXFileReference section */

/* Begin PBXFrameworksBuildPhase section */
		B07164221E1CF179006A2FCD /* Frameworks */ = {
			isa = PBXFrameworksBuildPhase;
			buildActionMask = 2147483647;
			files = (
				B0F057A11EACE623001800A5 /* libz.tbd in Frameworks */,
				B0F0579F1EACE61B001800A5 /* libstdc++.tbd in Frameworks */,
				B0F0579D1EACE611001800A5 /* CoreTelephony.framework in Frameworks */,
				B0F0579B1EACE609001800A5 /* libsqlite3.tbd in Frameworks */,
				B0F057991EACE5FD001800A5 /* CoreGraphics.framework in Frameworks */,
				B0F057A51EACE9B0001800A5 /* TencentOpenAPI.framework in Frameworks */,
				B0F057971EACE5F5001800A5 /* SystemConfiguration.framework in Frameworks */,
				B0F057951EACE5E9001800A5 /* libiconv.tbd in Frameworks */,
				B0F057931EACE5C8001800A5 /* Security.framework in Frameworks */,
				9BDA36CD3AF22A6649432D1D /* libPods-约玩平台.a in Frameworks */,
			);
			runOnlyForDeploymentPostprocessing = 0;
		};
		B07164391E1CF179006A2FCD /* Frameworks */ = {
			isa = PBXFrameworksBuildPhase;
			buildActionMask = 2147483647;
			files = (
			);
			runOnlyForDeploymentPostprocessing = 0;
		};
		B07164441E1CF179006A2FCD /* Frameworks */ = {
			isa = PBXFrameworksBuildPhase;
			buildActionMask = 2147483647;
			files = (
			);
			runOnlyForDeploymentPostprocessing = 0;
		};
/* End PBXFrameworksBuildPhase section */

/* Begin PBXGroup section */
		38F91091490B34495BD613AA /* Pods */ = {
			isa = PBXGroup;
			children = (
				F4B36326D918E89785D71C26 /* Pods-约玩平台.debug.xcconfig */,
				1146A52A6370EFB3F56A48DD /* Pods-约玩平台.release.xcconfig */,
			);
			name = Pods;
			sourceTree = "<group>";
		};
		B02962BF1E97847C00EB38CC /* 活动照片 */ = {
			isa = PBXGroup;
			children = (
				B02962C01E97849C00EB38CC /* ActivityPhotoListViewController.swift */,
				B00038CC1E991A7800ED2228 /* activityuploadPhotoViewController.swift */,
				B07AE40E1E9A5BFD003D0F58 /* photoDetailViewController.swift */,
				B00038CA1E98FFC700ED2228 /* ActivityPhotoModel.swift */,
			);
			name = "活动照片";
			sourceTree = "<group>";
		};
		B02FA4151E86ABB100062D1E /* 评论相关 */ = {
			isa = PBXGroup;
			children = (
				B02FA4161E86ABE600062D1E /* commentListViewController.swift */,
				B03210AE1E87FAA900A68282 /* commentDetailViewController.swift */,
				B03210AC1E87F2CE00A68282 /* replyCommentViewController.swift */,
				B02FA4181E86ABF500062D1E /* CommentListModel.swift */,
				B02FA41A1E86B49200062D1E /* commentTableViewCell.swift */,
			);
			name = "评论相关";
			sourceTree = "<group>";
		};
		B0355E1B1E7AAE64003429C8 /* 用户信息界面 */ = {
			isa = PBXGroup;
			children = (
				B0355E1C1E7AAEA9003429C8 /* PersonalInfomationViewController.swift */,
				B08D2C781EA63FA0004EDE44 /* UserImageListViewController.swift */,
				B08AFDE01E7D5524004C9C96 /* ShowUserViewController.swift */,
				B010BCA51E7FF8260085CD79 /* EditPersonalInformationViewController.swift */,
				B0D2C1551EABA66F006C9D3F /* EditPasswordViewController.swift */,
				B04EBE511EA75376004AE632 /* ReportViewController.swift */,
				B08CE0CA1E82A45000DA44A3 /* UserActivityListModel.swift */,
				B096D2B31E7AB56600E5D201 /* UserInformationModel.swift */,
				B08AFDE51E7D5D58004C9C96 /* FollowersOrFansModel.swift */,
				B08D2C7A1EA640A7004EDE44 /* UserImageModel.swift */,
				B0F4E0C01E7EB4F40097B4FD /* UserInformationTableViewCell.swift */,
				B0F4E0C41E7EBE200097B4FD /* haveUidButton.swift */,
			);
			name = "用户信息界面";
			path = ..;
			sourceTree = "<group>";
		};
		B036EE6E1E9E579B00C50BA8 /* IM */ = {
			isa = PBXGroup;
			children = (
				B036EE6F1E9E57AF00C50BA8 /* privateModel.swift */,
				B036EE711E9E5E3700C50BA8 /* msgTableViewCell.swift */,
				B036EE731E9E5F5600C50BA8 /* msgListViewController.swift */,
				B036EE751E9E68F100C50BA8 /* msgDetailViewController.swift */,
				B0F2EEC11EA208DC003FF390 /* DetailPrivateModel.swift */,
			);
			name = IM;
			sourceTree = "<group>";
		};
		B056B39A1E1E4BCA001B17F2 /* 活动相关界面 */ = {
			isa = PBXGroup;
			children = (
				B0107B501E83F9160040493A /* ActicityDetailViewController.swift */,
				B0E5BD5E1E911FFE004F1113 /* ActivityLocationViewController.swift */,
				B056B39B1E1E4BFC001B17F2 /* ActivitylistViewController.swift */,
				B0DC12AE1E8A98F700428E97 /* EditActivityViewController.swift */,
				B0E624391E8D30C600C39218 /* LocationSelectViewController.swift */,
				B0221BBE1E8FFB2B0021BB40 /* NotificationListViewController.swift */,
				B04EBE551EA77242004AE632 /* AddNotificationViewController.swift */,
				B0221BC21E8FFD270021BB40 /* NotificationListModel.swift */,
				B0221BC01E8FFB470021BB40 /* NotificationTableViewCell.swift */,
				B0107B4E1E83EFC30040493A /* simplyActivityTableViewCell.swift */,
				B0F057881EACD291001800A5 /* recommendUserView.swift */,
				B056B39D1E1E4D53001B17F2 /* slideView.swift */,
				B0107B521E8405FB0040493A /* ActivityDetailModel.swift */,
				B0E5BD601E913039004F1113 /* ActivityListModel.swift */,
				B05F3F821E222F8800777C82 /* ActivityModel.swift */,
				B05F3F841E223C8900777C82 /* ActivityDisplayTableViewCell.swift */,
			);
			name = "活动相关界面";
			sourceTree = "<group>";
		};
		B05F3F881E223D4C00777C82 /* supportfile */ = {
			isa = PBXGroup;
			children = (
				B047D71F1E893B2300A928EF /* havePullfreshAndLoadmoreTableView.swift */,
				B047D71D1E89346D00A928EF /* photo.png */,
				B047D7231E893F9E00A928EF /* interestclicked.png */,
				B047D7151E892FE900A928EF /* clicklike.png */,
				B04718581E8A82C5000488CD /* address.png */,
				B04718591E8A82C5000488CD /* date.png */,
				B047185A1E8A82C5000488CD /* dollar.png */,
				B08D2C7C1EA64994004EDE44 /* more.png */,
				B020C1CD1EA65C7F00243901 /* 发现@2x.png */,
				B04EBE4F1EA74DA9004AE632 /* people@2x.png */,
				B047185B1E8A82C5000488CD /* label.png */,
				B047D7161E892FE900A928EF /* comment.png */,
				B07787861EA6FF4400FA44A2 /* report@2x.png */,
				B020C1D01EA65D5900243901 /* 举报@2x.png */,
				B07787881EA6FFFB00FA44A2 /* 动态@2x.png */,
				B07787891EA6FFFB00FA44A2 /* 举报.png */,
				B077878A1EA6FFFB00FA44A2 /* msg@2x.png */,
				B077878B1EA6FFFB00FA44A2 /* 消息@2x.png */,
				B0ED2B751EA9F4EF00D98370 /* down@2x.png */,
				B077878C1EA6FFFB00FA44A2 /* 资料@2x.png */,
				B047D7211E893F9B00A928EF /* interest.png */,
				B047D7171E892FE900A928EF /* notification.png */,
				B047D7181E892FE900A928EF /* participate.png */,
				B05F3F861E223D3D00777C82 /* interested.png */,
				B05F3F891E22681700777C82 /* location.png */,
				B07787941EA708A900FA44A2 /* 人.png */,
				B04EBE531EA770A8004AE632 /* 搜@2x.png */,
				B01BE23B1E97C28200B1FB76 /* c37cea0a6e642c5a8ad0457a8f2a6c75.jpg */,
				B0B8439B1E9F14B8004BDC91 /* singleClassManager.swift */,
			);
			name = supportfile;
			sourceTree = "<group>";
		};
		B071641C1E1CF179006A2FCD = {
			isa = PBXGroup;
			children = (
				B0F057A21EACE7BF001800A5 /* TencentOpenApi_IOS_Bundle.bundle */,
				B07164271E1CF179006A2FCD /* 约玩平台 */,
				B071643F1E1CF179006A2FCD /* 约玩平台Tests */,
				B071644A1E1CF179006A2FCD /* 约玩平台UITests */,
				B07164261E1CF179006A2FCD /* Products */,
				38F91091490B34495BD613AA /* Pods */,
				FD0A758884871EC04E41FC42 /* Frameworks */,
			);
			sourceTree = "<group>";
		};
		B07164261E1CF179006A2FCD /* Products */ = {
			isa = PBXGroup;
			children = (
				B07164251E1CF179006A2FCD /* 约玩平台.app */,
				B071643C1E1CF179006A2FCD /* 约玩平台Tests.xctest */,
				B07164471E1CF179006A2FCD /* 约玩平台UITests.xctest */,
			);
			name = Products;
			sourceTree = "<group>";
		};
		B07164271E1CF179006A2FCD /* 约玩平台 */ = {
			isa = PBXGroup;
			children = (
				B036EE6E1E9E579B00C50BA8 /* IM */,
				B07AE4101E9A78E8003D0F58 /* 搜索 */,
				B02962BF1E97847C00EB38CC /* 活动照片 */,
				B0F762701E9669F300E0169A /* 用户动态 */,
				B02FA4151E86ABB100062D1E /* 评论相关 */,
				B0355E1B1E7AAE64003429C8 /* 用户信息界面 */,
				B056B39A1E1E4BCA001B17F2 /* 活动相关界面 */,
				B07164591E1CF1AE006A2FCD /* 首次进入注册与登录 */,
				B096D2B51E7AC5FF00E5D201 /* Enity */,
				B05F3F881E223D4C00777C82 /* supportfile */,
				B08AFDE21E7D553A004C9C96 /* Protocol */,
				B071642C1E1CF179006A2FCD /* Main.storyboard */,
				B01BE23D1E97C37800B1FB76 /* icon.png */,
				B07164281E1CF179006A2FCD /* AppDelegate.swift */,
				B07164321E1CF179006A2FCD /* Assets.xcassets */,
				B07164341E1CF179006A2FCD /* LaunchScreen.storyboard */,
				B07164371E1CF179006A2FCD /* Info.plist */,
				B071642F1E1CF179006A2FCD /* ____.xcdatamodeld */,
				B09B8D4A1E1CFEA90056EB2A /* bridgingheader.h */,
			);
			path = "约玩平台";
			sourceTree = "<group>";
		};
		B071643F1E1CF179006A2FCD /* 约玩平台Tests */ = {
			isa = PBXGroup;
			children = (
				B07164401E1CF179006A2FCD /* ____Tests.swift */,
				B07164421E1CF179006A2FCD /* Info.plist */,
			);
			path = "约玩平台Tests";
			sourceTree = "<group>";
		};
		B071644A1E1CF179006A2FCD /* 约玩平台UITests */ = {
			isa = PBXGroup;
			children = (
				B071644B1E1CF179006A2FCD /* ____UITests.swift */,
				B071644D1E1CF179006A2FCD /* Info.plist */,
			);
			path = "约玩平台UITests";
			sourceTree = "<group>";
		};
		B07164591E1CF1AE006A2FCD /* 首次进入注册与登录 */ = {
			isa = PBXGroup;
			children = (
				B071645A1E1CF217006A2FCD /* FirstUseViewController.swift */,
				B071645C1E1CF326006A2FCD /* LoginViewController.swift */,
				B071645E1E1CF339006A2FCD /* SignUpViewController.swift */,
			);
			name = "首次进入注册与登录";
			sourceTree = "<group>";
		};
		B07AE4101E9A78E8003D0F58 /* 搜索 */ = {
			isa = PBXGroup;
			children = (
				B07AE4111E9A78FE003D0F58 /* SearchViewController.swift */,
				B07AE4131E9A7C19003D0F58 /* searchModel.swift */,
			);
			name = "搜索";
			sourceTree = "<group>";
		};
		B08AFDE21E7D553A004C9C96 /* Protocol */ = {
			isa = PBXGroup;
			children = (
				B08AFDE31E7D5590004C9C96 /* PullDataDelegate.swift */,
				B029B4E21E801AE7004300E8 /* getTokenExtension.swift */,
			);
			name = Protocol;
			sourceTree = "<group>";
		};
		B096D2B51E7AC5FF00E5D201 /* Enity */ = {
			isa = PBXGroup;
			children = (
				B096D2B91E7AC65E00E5D201 /* ActivityEnity.swift */,
				B08CE0CC1E82AAB500DA44A3 /* ActiveEnity.swift */,
				B096D2B61E7AC62900E5D201 /* UserInformationEnity.swift */,
				B02FA4131E86A87700062D1E /* CommentEnity.swift */,
				B0221BBC1E8FEBDC0021BB40 /* NotificationEnity.swift */,
				B00038C81E98FEBD00ED2228 /* PhotoEnity.swift */,
				B036EE6C1E9E566100C50BA8 /* PrivateEnity.swift */,
			);
			name = Enity;
			sourceTree = "<group>";
		};
		B0F762701E9669F300E0169A /* 用户动态 */ = {
			isa = PBXGroup;
			children = (
				B0F762711E966B8E00E0169A /* timelineCommentTableViewCell.swift */,
				B0F762731E966BA200E0169A /* timelineActivityTableViewCell.swift */,
				B0F762751E966BB000E0169A /* timelineUserTableViewCell.swift */,
				B0F762771E966BC100E0169A /* timelineNotificationTableViewCell.swift */,
				B0F762791E966BCE00E0169A /* timelinePhotoTableViewCell.swift */,
				B0F7627B1E966D4400E0169A /* TimeLineViewController.swift */,
				B0F7627D1E966DB300E0169A /* timeLineModel.swift */,
			);
			name = "用户动态";
			sourceTree = "<group>";
		};
		FD0A758884871EC04E41FC42 /* Frameworks */ = {
			isa = PBXGroup;
			children = (
				B0F057A01EACE623001800A5 /* libz.tbd */,
				B0F057A41EACE9B0001800A5 /* TencentOpenAPI.framework */,
				B0F0579E1EACE61B001800A5 /* libstdc++.tbd */,
				B0F0579C1EACE611001800A5 /* CoreTelephony.framework */,
				B0F0579A1EACE609001800A5 /* libsqlite3.tbd */,
				B0F057981EACE5FD001800A5 /* CoreGraphics.framework */,
				B0F057961EACE5F5001800A5 /* SystemConfiguration.framework */,
				B0F057941EACE5E9001800A5 /* libiconv.tbd */,
				B0F057921EACE5C8001800A5 /* Security.framework */,
				D80C8CCBBB79A3AE310B1C7A /* libPods-约玩平台.a */,
			);
			name = Frameworks;
			sourceTree = "<group>";
		};
/* End PBXGroup section */

/* Begin PBXNativeTarget section */
		B07164241E1CF179006A2FCD /* 约玩平台 */ = {
			isa = PBXNativeTarget;
			buildConfigurationList = B07164501E1CF179006A2FCD /* Build configuration list for PBXNativeTarget "约玩平台" */;
			buildPhases = (
				AD3D9E1EDC1DF76C03C52A7C /* [CP] Check Pods Manifest.lock */,
				B07164211E1CF179006A2FCD /* Sources */,
				B07164221E1CF179006A2FCD /* Frameworks */,
				B07164231E1CF179006A2FCD /* Resources */,
				E0CB26D239FA892E2F099426 /* [CP] Embed Pods Frameworks */,
				86288E85B397211C9BE93C75 /* [CP] Copy Pods Resources */,
			);
			buildRules = (
			);
			dependencies = (
			);
			name = "约玩平台";
			productName = "约玩平台";
			productReference = B07164251E1CF179006A2FCD /* 约玩平台.app */;
			productType = "com.apple.product-type.application";
		};
		B071643B1E1CF179006A2FCD /* 约玩平台Tests */ = {
			isa = PBXNativeTarget;
			buildConfigurationList = B07164531E1CF179006A2FCD /* Build configuration list for PBXNativeTarget "约玩平台Tests" */;
			buildPhases = (
				B07164381E1CF179006A2FCD /* Sources */,
				B07164391E1CF179006A2FCD /* Frameworks */,
				B071643A1E1CF179006A2FCD /* Resources */,
			);
			buildRules = (
			);
			dependencies = (
				B071643E1E1CF179006A2FCD /* PBXTargetDependency */,
			);
			name = "约玩平台Tests";
			productName = "约玩平台Tests";
			productReference = B071643C1E1CF179006A2FCD /* 约玩平台Tests.xctest */;
			productType = "com.apple.product-type.bundle.unit-test";
		};
		B07164461E1CF179006A2FCD /* 约玩平台UITests */ = {
			isa = PBXNativeTarget;
			buildConfigurationList = B07164561E1CF179006A2FCD /* Build configuration list for PBXNativeTarget "约玩平台UITests" */;
			buildPhases = (
				B07164431E1CF179006A2FCD /* Sources */,
				B07164441E1CF179006A2FCD /* Frameworks */,
				B07164451E1CF179006A2FCD /* Resources */,
			);
			buildRules = (
			);
			dependencies = (
				B07164491E1CF179006A2FCD /* PBXTargetDependency */,
			);
			name = "约玩平台UITests";
			productName = "约玩平台UITests";
			productReference = B07164471E1CF179006A2FCD /* 约玩平台UITests.xctest */;
			productType = "com.apple.product-type.bundle.ui-testing";
		};
/* End PBXNativeTarget section */

/* Begin PBXProject section */
		B071641D1E1CF179006A2FCD /* Project object */ = {
			isa = PBXProject;
			attributes = {
				LastSwiftUpdateCheck = 0810;
				LastUpgradeCheck = 0810;
				ORGANIZATIONNAME = Bossxuan;
				TargetAttributes = {
					B07164241E1CF179006A2FCD = {
						CreatedOnToolsVersion = 8.1;
						DevelopmentTeam = 7PY3375THJ;
						ProvisioningStyle = Automatic;
					};
					B071643B1E1CF179006A2FCD = {
						CreatedOnToolsVersion = 8.1;
						DevelopmentTeam = 7PY3375THJ;
						ProvisioningStyle = Automatic;
						TestTargetID = B07164241E1CF179006A2FCD;
					};
					B07164461E1CF179006A2FCD = {
						CreatedOnToolsVersion = 8.1;
						DevelopmentTeam = 7PY3375THJ;
						ProvisioningStyle = Automatic;
						TestTargetID = B07164241E1CF179006A2FCD;
					};
				};
			};
			buildConfigurationList = B07164201E1CF179006A2FCD /* Build configuration list for PBXProject "约玩平台" */;
			compatibilityVersion = "Xcode 3.2";
			developmentRegion = English;
			hasScannedForEncodings = 0;
			knownRegions = (
				Base,
			);
			mainGroup = B071641C1E1CF179006A2FCD;
			productRefGroup = B07164261E1CF179006A2FCD /* Products */;
			projectDirPath = "";
			projectRoot = "";
			targets = (
				B07164241E1CF179006A2FCD /* 约玩平台 */,
				B071643B1E1CF179006A2FCD /* 约玩平台Tests */,
				B07164461E1CF179006A2FCD /* 约玩平台UITests */,
			);
		};
/* End PBXProject section */

/* Begin PBXResourcesBuildPhase section */
		B07164231E1CF179006A2FCD /* Resources */ = {
			isa = PBXResourcesBuildPhase;
			buildActionMask = 2147483647;
			files = (
				B0F057A31EACE7BF001800A5 /* TencentOpenApi_IOS_Bundle.bundle in Resources */,
				B07787871EA6FF4400FA44A2 /* report@2x.png in Resources */,
				B04EBE501EA74DA9004AE632 /* people@2x.png in Resources */,
				B05F3F871E223D3D00777C82 /* interested.png in Resources */,
				B07164361E1CF179006A2FCD /* LaunchScreen.storyboard in Resources */,
				B047D71E1E89346D00A928EF /* photo.png in Resources */,
				B020C1D51EA65D5900243901 /* 举报@2x.png in Resources */,
				B0ED2B761EA9F4EF00D98370 /* down@2x.png in Resources */,
				B047D7221E893F9B00A928EF /* interest.png in Resources */,
				B047185C1E8A82C5000488CD /* address.png in Resources */,
				B047D71C1E892FE900A928EF /* participate.png in Resources */,
				B047D71B1E892FE900A928EF /* notification.png in Resources */,
				B05F3F8A1E22681700777C82 /* location.png in Resources */,
				B047D7241E893F9E00A928EF /* interestclicked.png in Resources */,
				B047D7191E892FE900A928EF /* clicklike.png in Resources */,
				B077878F1EA6FFFB00FA44A2 /* msg@2x.png in Resources */,
				B020C1CE1EA65C7F00243901 /* 发现@2x.png in Resources */,
				B04EBE541EA770A8004AE632 /* 搜@2x.png in Resources */,
				B07164331E1CF179006A2FCD /* Assets.xcassets in Resources */,
				B047185D1E8A82C5000488CD /* date.png in Resources */,
				B07787911EA6FFFB00FA44A2 /* 资料@2x.png in Resources */,
				B08D2C7D1EA64994004EDE44 /* more.png in Resources */,
				B07787901EA6FFFB00FA44A2 /* 消息@2x.png in Resources */,
				B047185F1E8A82C5000488CD /* label.png in Resources */,
				B01BE23C1E97C28200B1FB76 /* c37cea0a6e642c5a8ad0457a8f2a6c75.jpg in Resources */,
				B077878D1EA6FFFB00FA44A2 /* 动态@2x.png in Resources */,
				B01BE23E1E97C37800B1FB76 /* icon.png in Resources */,
				B077878E1EA6FFFB00FA44A2 /* 举报.png in Resources */,
				B071642E1E1CF179006A2FCD /* Main.storyboard in Resources */,
				B047D71A1E892FE900A928EF /* comment.png in Resources */,
				B07787951EA708A900FA44A2 /* 人.png in Resources */,
				B047185E1E8A82C5000488CD /* dollar.png in Resources */,
			);
			runOnlyForDeploymentPostprocessing = 0;
		};
		B071643A1E1CF179006A2FCD /* Resources */ = {
			isa = PBXResourcesBuildPhase;
			buildActionMask = 2147483647;
			files = (
			);
			runOnlyForDeploymentPostprocessing = 0;
		};
		B07164451E1CF179006A2FCD /* Resources */ = {
			isa = PBXResourcesBuildPhase;
			buildActionMask = 2147483647;
			files = (
			);
			runOnlyForDeploymentPostprocessing = 0;
		};
/* End PBXResourcesBuildPhase section */

/* Begin PBXShellScriptBuildPhase section */
		86288E85B397211C9BE93C75 /* [CP] Copy Pods Resources */ = {
			isa = PBXShellScriptBuildPhase;
			buildActionMask = 2147483647;
			files = (
			);
			inputPaths = (
			);
			name = "[CP] Copy Pods Resources";
			outputPaths = (
			);
			runOnlyForDeploymentPostprocessing = 0;
			shellPath = /bin/sh;
			shellScript = "\"${SRCROOT}/Pods/Target Support Files/Pods-约玩平台/Pods-约玩平台-resources.sh\"\n";
			showEnvVarsInLog = 0;
		};
		AD3D9E1EDC1DF76C03C52A7C /* [CP] Check Pods Manifest.lock */ = {
			isa = PBXShellScriptBuildPhase;
			buildActionMask = 2147483647;
			files = (
			);
			inputPaths = (
			);
			name = "[CP] Check Pods Manifest.lock";
			outputPaths = (
			);
			runOnlyForDeploymentPostprocessing = 0;
			shellPath = /bin/sh;
			shellScript = "diff \"${PODS_ROOT}/../Podfile.lock\" \"${PODS_ROOT}/Manifest.lock\" > /dev/null\nif [ $? != 0 ] ; then\n    # print error to STDERR\n    echo \"error: The sandbox is not in sync with the Podfile.lock. Run 'pod install' or update your CocoaPods installation.\" >&2\n    exit 1\nfi\n";
			showEnvVarsInLog = 0;
		};
		E0CB26D239FA892E2F099426 /* [CP] Embed Pods Frameworks */ = {
			isa = PBXShellScriptBuildPhase;
			buildActionMask = 2147483647;
			files = (
			);
			inputPaths = (
			);
			name = "[CP] Embed Pods Frameworks";
			outputPaths = (
			);
			runOnlyForDeploymentPostprocessing = 0;
			shellPath = /bin/sh;
			shellScript = "\"${SRCROOT}/Pods/Target Support Files/Pods-约玩平台/Pods-约玩平台-frameworks.sh\"\n";
			showEnvVarsInLog = 0;
		};
/* End PBXShellScriptBuildPhase section */

/* Begin PBXSourcesBuildPhase section */
		B07164211E1CF179006A2FCD /* Sources */ = {
			isa = PBXSourcesBuildPhase;
			buildActionMask = 2147483647;
			files = (
				B0F7627A1E966BCE00E0169A /* timelinePhotoTableViewCell.swift in Sources */,
				B0F4E0C51E7EBE200097B4FD /* haveUidButton.swift in Sources */,
				B0B8439C1E9F14B8004BDC91 /* singleClassManager.swift in Sources */,
				B02962C11E97849C00EB38CC /* ActivityPhotoListViewController.swift in Sources */,
				B0F2EEC21EA208DC003FF390 /* DetailPrivateModel.swift in Sources */,
				B0355E1D1E7AAEA9003429C8 /* PersonalInfomationViewController.swift in Sources */,
				B036EE6D1E9E566100C50BA8 /* PrivateEnity.swift in Sources */,
				B096D2B41E7AB56600E5D201 /* UserInformationModel.swift in Sources */,
				B071645D1E1CF326006A2FCD /* LoginViewController.swift in Sources */,
				B0F7627C1E966D4400E0169A /* TimeLineViewController.swift in Sources */,
				B0D2C1561EABA66F006C9D3F /* EditPasswordViewController.swift in Sources */,
				B047D7201E893B2300A928EF /* havePullfreshAndLoadmoreTableView.swift in Sources */,
				B07164311E1CF179006A2FCD /* ____.xcdatamodeld in Sources */,
				B0221BBD1E8FEBDC0021BB40 /* NotificationEnity.swift in Sources */,
				B036EE761E9E68F100C50BA8 /* msgDetailViewController.swift in Sources */,
				B02FA4191E86ABF500062D1E /* CommentListModel.swift in Sources */,
				B056B39E1E1E4D53001B17F2 /* slideView.swift in Sources */,
				B00038C91E98FEBD00ED2228 /* PhotoEnity.swift in Sources */,
				B0221BBF1E8FFB2B0021BB40 /* NotificationListViewController.swift in Sources */,
				B0DC12AF1E8A98F700428E97 /* EditActivityViewController.swift in Sources */,
				B036EE741E9E5F5600C50BA8 /* msgListViewController.swift in Sources */,
				B0F762761E966BB000E0169A /* timelineUserTableViewCell.swift in Sources */,
				B010BCA61E7FF8260085CD79 /* EditPersonalInformationViewController.swift in Sources */,
				B02FA4171E86ABE600062D1E /* commentListViewController.swift in Sources */,
				B0F057891EACD291001800A5 /* recommendUserView.swift in Sources */,
				B0F7627E1E966DB300E0169A /* timeLineModel.swift in Sources */,
				B02FA4141E86A87700062D1E /* CommentEnity.swift in Sources */,
				B08CE0CD1E82AAB500DA44A3 /* ActiveEnity.swift in Sources */,
				B056B39C1E1E4BFC001B17F2 /* ActivitylistViewController.swift in Sources */,
				B029B4E31E801AE7004300E8 /* getTokenExtension.swift in Sources */,
				B00038CD1E991A7800ED2228 /* activityuploadPhotoViewController.swift in Sources */,
				B08CE0CB1E82A45000DA44A3 /* UserActivityListModel.swift in Sources */,
				B05F3F831E222F8800777C82 /* ActivityModel.swift in Sources */,
				B096D2B71E7AC62900E5D201 /* UserInformationEnity.swift in Sources */,
				B0F762721E966B8E00E0169A /* timelineCommentTableViewCell.swift in Sources */,
				B08D2C7B1EA640A7004EDE44 /* UserImageModel.swift in Sources */,
				B0107B531E8405FB0040493A /* ActivityDetailModel.swift in Sources */,
				B0107B511E83F9160040493A /* ActicityDetailViewController.swift in Sources */,
				B00038CB1E98FFC700ED2228 /* ActivityPhotoModel.swift in Sources */,
				B096D2BA1E7AC65E00E5D201 /* ActivityEnity.swift in Sources */,
				B071645B1E1CF217006A2FCD /* FirstUseViewController.swift in Sources */,
				B08AFDE11E7D5524004C9C96 /* ShowUserViewController.swift in Sources */,
				B02FA41B1E86B49200062D1E /* commentTableViewCell.swift in Sources */,
				B0221BC11E8FFB470021BB40 /* NotificationTableViewCell.swift in Sources */,
				B0107B4F1E83EFC30040493A /* simplyActivityTableViewCell.swift in Sources */,
				B07AE4141E9A7C19003D0F58 /* searchModel.swift in Sources */,
				B0E5BD611E913039004F1113 /* ActivityListModel.swift in Sources */,
				B0221BC31E8FFD270021BB40 /* NotificationListModel.swift in Sources */,
				B04EBE561EA77242004AE632 /* AddNotificationViewController.swift in Sources */,
				B07AE4121E9A78FE003D0F58 /* SearchViewController.swift in Sources */,
				B0E5BD5F1E911FFE004F1113 /* ActivityLocationViewController.swift in Sources */,
				B04EBE521EA75376004AE632 /* ReportViewController.swift in Sources */,
				B036EE721E9E5E3700C50BA8 /* msgTableViewCell.swift in Sources */,
				B0F4E0C11E7EB4F40097B4FD /* UserInformationTableViewCell.swift in Sources */,
				B0F762741E966BA200E0169A /* timelineActivityTableViewCell.swift in Sources */,
				B0F762781E966BC100E0169A /* timelineNotificationTableViewCell.swift in Sources */,
				B08D2C791EA63FA0004EDE44 /* UserImageListViewController.swift in Sources */,
				B03210AD1E87F2CE00A68282 /* replyCommentViewController.swift in Sources */,
				B07164291E1CF179006A2FCD /* AppDelegate.swift in Sources */,
				B03210AF1E87FAA900A68282 /* commentDetailViewController.swift in Sources */,
				B036EE701E9E57AF00C50BA8 /* privateModel.swift in Sources */,
				B08AFDE61E7D5D58004C9C96 /* FollowersOrFansModel.swift in Sources */,
				B071645F1E1CF339006A2FCD /* SignUpViewController.swift in Sources */,
				B08AFDE41E7D5590004C9C96 /* PullDataDelegate.swift in Sources */,
				B05F3F851E223C8900777C82 /* ActivityDisplayTableViewCell.swift in Sources */,
				B07AE40F1E9A5BFD003D0F58 /* photoDetailViewController.swift in Sources */,
				B0E6243A1E8D30C600C39218 /* LocationSelectViewController.swift in Sources */,
			);
			runOnlyForDeploymentPostprocessing = 0;
		};
		B07164381E1CF179006A2FCD /* Sources */ = {
			isa = PBXSourcesBuildPhase;
			buildActionMask = 2147483647;
			files = (
				B07164411E1CF179006A2FCD /* ____Tests.swift in Sources */,
			);
			runOnlyForDeploymentPostprocessing = 0;
		};
		B07164431E1CF179006A2FCD /* Sources */ = {
			isa = PBXSourcesBuildPhase;
			buildActionMask = 2147483647;
			files = (
				B071644C1E1CF179006A2FCD /* ____UITests.swift in Sources */,
			);
			runOnlyForDeploymentPostprocessing = 0;
		};
/* End PBXSourcesBuildPhase section */

/* Begin PBXTargetDependency section */
		B071643E1E1CF179006A2FCD /* PBXTargetDependency */ = {
			isa = PBXTargetDependency;
			target = B07164241E1CF179006A2FCD /* 约玩平台 */;
			targetProxy = B071643D1E1CF179006A2FCD /* PBXContainerItemProxy */;
		};
		B07164491E1CF179006A2FCD /* PBXTargetDependency */ = {
			isa = PBXTargetDependency;
			target = B07164241E1CF179006A2FCD /* 约玩平台 */;
			targetProxy = B07164481E1CF179006A2FCD /* PBXContainerItemProxy */;
		};
/* End PBXTargetDependency section */

/* Begin PBXVariantGroup section */
		B071642C1E1CF179006A2FCD /* Main.storyboard */ = {
			isa = PBXVariantGroup;
			children = (
				B071642D1E1CF179006A2FCD /* Base */,
			);
			name = Main.storyboard;
			sourceTree = "<group>";
		};
		B07164341E1CF179006A2FCD /* LaunchScreen.storyboard */ = {
			isa = PBXVariantGroup;
			children = (
				B07164351E1CF179006A2FCD /* Base */,
			);
			name = LaunchScreen.storyboard;
			sourceTree = "<group>";
		};
/* End PBXVariantGroup section */

/* Begin XCBuildConfiguration section */
		B071644E1E1CF179006A2FCD /* Debug */ = {
			isa = XCBuildConfiguration;
			buildSettings = {
				ALWAYS_SEARCH_USER_PATHS = NO;
				CLANG_ANALYZER_LOCALIZABILITY_NONLOCALIZED = YES;
				CLANG_ANALYZER_NONNULL = YES;
				CLANG_CXX_LANGUAGE_STANDARD = "gnu++0x";
				CLANG_CXX_LIBRARY = "libc++";
				CLANG_ENABLE_MODULES = YES;
				CLANG_ENABLE_OBJC_ARC = YES;
				CLANG_WARN_BOOL_CONVERSION = YES;
				CLANG_WARN_CONSTANT_CONVERSION = YES;
				CLANG_WARN_DIRECT_OBJC_ISA_USAGE = YES_ERROR;
				CLANG_WARN_DOCUMENTATION_COMMENTS = YES;
				CLANG_WARN_EMPTY_BODY = YES;
				CLANG_WARN_ENUM_CONVERSION = YES;
				CLANG_WARN_INFINITE_RECURSION = YES;
				CLANG_WARN_INT_CONVERSION = YES;
				CLANG_WARN_OBJC_ROOT_CLASS = YES_ERROR;
				CLANG_WARN_SUSPICIOUS_MOVE = YES;
				CLANG_WARN_SUSPICIOUS_MOVES = YES;
				CLANG_WARN_UNREACHABLE_CODE = YES;
				CLANG_WARN__DUPLICATE_METHOD_MATCH = YES;
				"CODE_SIGN_IDENTITY[sdk=iphoneos*]" = "iPhone Developer";
				COPY_PHASE_STRIP = NO;
				DEBUG_INFORMATION_FORMAT = dwarf;
				ENABLE_STRICT_OBJC_MSGSEND = YES;
				ENABLE_TESTABILITY = YES;
				GCC_C_LANGUAGE_STANDARD = gnu99;
				GCC_DYNAMIC_NO_PIC = NO;
				GCC_NO_COMMON_BLOCKS = YES;
				GCC_OPTIMIZATION_LEVEL = 0;
				GCC_PREPROCESSOR_DEFINITIONS = (
					"DEBUG=1",
					"$(inherited)",
				);
				GCC_WARN_64_TO_32_BIT_CONVERSION = YES;
				GCC_WARN_ABOUT_RETURN_TYPE = YES_ERROR;
				GCC_WARN_UNDECLARED_SELECTOR = YES;
				GCC_WARN_UNINITIALIZED_AUTOS = YES_AGGRESSIVE;
				GCC_WARN_UNUSED_FUNCTION = YES;
				GCC_WARN_UNUSED_VARIABLE = YES;
				IPHONEOS_DEPLOYMENT_TARGET = 10.1;
				MTL_ENABLE_DEBUG_INFO = YES;
				ONLY_ACTIVE_ARCH = YES;
				OTHER_LDFLAGS = "-fobjc-arc";
				SDKROOT = iphoneos;
				SWIFT_ACTIVE_COMPILATION_CONDITIONS = DEBUG;
				SWIFT_OPTIMIZATION_LEVEL = "-Onone";
			};
			name = Debug;
		};
		B071644F1E1CF179006A2FCD /* Release */ = {
			isa = XCBuildConfiguration;
			buildSettings = {
				ALWAYS_SEARCH_USER_PATHS = NO;
				CLANG_ANALYZER_LOCALIZABILITY_NONLOCALIZED = YES;
				CLANG_ANALYZER_NONNULL = YES;
				CLANG_CXX_LANGUAGE_STANDARD = "gnu++0x";
				CLANG_CXX_LIBRARY = "libc++";
				CLANG_ENABLE_MODULES = YES;
				CLANG_ENABLE_OBJC_ARC = YES;
				CLANG_WARN_BOOL_CONVERSION = YES;
				CLANG_WARN_CONSTANT_CONVERSION = YES;
				CLANG_WARN_DIRECT_OBJC_ISA_USAGE = YES_ERROR;
				CLANG_WARN_DOCUMENTATION_COMMENTS = YES;
				CLANG_WARN_EMPTY_BODY = YES;
				CLANG_WARN_ENUM_CONVERSION = YES;
				CLANG_WARN_INFINITE_RECURSION = YES;
				CLANG_WARN_INT_CONVERSION = YES;
				CLANG_WARN_OBJC_ROOT_CLASS = YES_ERROR;
				CLANG_WARN_SUSPICIOUS_MOVE = YES;
				CLANG_WARN_SUSPICIOUS_MOVES = YES;
				CLANG_WARN_UNREACHABLE_CODE = YES;
				CLANG_WARN__DUPLICATE_METHOD_MATCH = YES;
				"CODE_SIGN_IDENTITY[sdk=iphoneos*]" = "iPhone Developer";
				COPY_PHASE_STRIP = NO;
				DEBUG_INFORMATION_FORMAT = "dwarf-with-dsym";
				ENABLE_NS_ASSERTIONS = NO;
				ENABLE_STRICT_OBJC_MSGSEND = YES;
				GCC_C_LANGUAGE_STANDARD = gnu99;
				GCC_NO_COMMON_BLOCKS = YES;
				GCC_WARN_64_TO_32_BIT_CONVERSION = YES;
				GCC_WARN_ABOUT_RETURN_TYPE = YES_ERROR;
				GCC_WARN_UNDECLARED_SELECTOR = YES;
				GCC_WARN_UNINITIALIZED_AUTOS = YES_AGGRESSIVE;
				GCC_WARN_UNUSED_FUNCTION = YES;
				GCC_WARN_UNUSED_VARIABLE = YES;
				IPHONEOS_DEPLOYMENT_TARGET = 10.1;
				MTL_ENABLE_DEBUG_INFO = NO;
				OTHER_LDFLAGS = "-fobjc-arc";
				SDKROOT = iphoneos;
				SWIFT_OPTIMIZATION_LEVEL = "-Owholemodule";
				VALIDATE_PRODUCT = YES;
			};
			name = Release;
		};
		B07164511E1CF179006A2FCD /* Debug */ = {
			isa = XCBuildConfiguration;
			baseConfigurationReference = F4B36326D918E89785D71C26 /* Pods-约玩平台.debug.xcconfig */;
			buildSettings = {
				ASSETCATALOG_COMPILER_APPICON_NAME = AppIcon;
				"CODE_SIGN_IDENTITY[sdk=iphoneos*]" = "iPhone Developer";
				DEBUG_INFORMATION_FORMAT = "dwarf-with-dsym";
				DEVELOPMENT_TEAM = 7PY3375THJ;
				FRAMEWORK_SEARCH_PATHS = (
					"$(inherited)",
					"$(PROJECT_DIR)/约玩平台",
					"$(PROJECT_DIR)",
				);
				INFOPLIST_FILE = "约玩平台/Info.plist";
				LD_RUNPATH_SEARCH_PATHS = "$(inherited) @executable_path/Frameworks";
				PRODUCT_BUNDLE_IDENTIFIER = "-23456jin";
				PRODUCT_NAME = "$(TARGET_NAME)";
				SWIFT_OBJC_BRIDGING_HEADER = "约玩平台/bridgingheader.h";
				SWIFT_VERSION = 3.0;
			};
			name = Debug;
		};
		B07164521E1CF179006A2FCD /* Release */ = {
			isa = XCBuildConfiguration;
			baseConfigurationReference = 1146A52A6370EFB3F56A48DD /* Pods-约玩平台.release.xcconfig */;
			buildSettings = {
				ASSETCATALOG_COMPILER_APPICON_NAME = AppIcon;
				"CODE_SIGN_IDENTITY[sdk=iphoneos*]" = "iPhone Developer";
				DEVELOPMENT_TEAM = 7PY3375THJ;
				FRAMEWORK_SEARCH_PATHS = (
					"$(inherited)",
					"$(PROJECT_DIR)/约玩平台",
					"$(PROJECT_DIR)",
				);
				INFOPLIST_FILE = "约玩平台/Info.plist";
				LD_RUNPATH_SEARCH_PATHS = "$(inherited) @executable_path/Frameworks";
				PRODUCT_BUNDLE_IDENTIFIER = "-23456jin";
				PRODUCT_NAME = "$(TARGET_NAME)";
				SWIFT_OBJC_BRIDGING_HEADER = "约玩平台/bridgingheader.h";
				SWIFT_VERSION = 3.0;
			};
			name = Release;
		};
		B07164541E1CF179006A2FCD /* Debug */ = {
			isa = XCBuildConfiguration;
			buildSettings = {
				ALWAYS_EMBED_SWIFT_STANDARD_LIBRARIES = YES;
				BUNDLE_LOADER = "$(TEST_HOST)";
				DEVELOPMENT_TEAM = 7PY3375THJ;
				INFOPLIST_FILE = "约玩平台Tests/Info.plist";
				LD_RUNPATH_SEARCH_PATHS = "$(inherited) @executable_path/Frameworks @loader_path/Frameworks";
				PRODUCT_BUNDLE_IDENTIFIER = "-23.----Tests";
				PRODUCT_NAME = "$(TARGET_NAME)";
				SWIFT_VERSION = 3.0;
				TEST_HOST = "$(BUILT_PRODUCTS_DIR)/约玩平台.app/约玩平台";
			};
			name = Debug;
		};
		B07164551E1CF179006A2FCD /* Release */ = {
			isa = XCBuildConfiguration;
			buildSettings = {
				ALWAYS_EMBED_SWIFT_STANDARD_LIBRARIES = YES;
				BUNDLE_LOADER = "$(TEST_HOST)";
				DEVELOPMENT_TEAM = 7PY3375THJ;
				INFOPLIST_FILE = "约玩平台Tests/Info.plist";
				LD_RUNPATH_SEARCH_PATHS = "$(inherited) @executable_path/Frameworks @loader_path/Frameworks";
				PRODUCT_BUNDLE_IDENTIFIER = "-23.----Tests";
				PRODUCT_NAME = "$(TARGET_NAME)";
				SWIFT_VERSION = 3.0;
				TEST_HOST = "$(BUILT_PRODUCTS_DIR)/约玩平台.app/约玩平台";
			};
			name = Release;
		};
		B07164571E1CF179006A2FCD /* Debug */ = {
			isa = XCBuildConfiguration;
			buildSettings = {
				ALWAYS_EMBED_SWIFT_STANDARD_LIBRARIES = YES;
				DEVELOPMENT_TEAM = 7PY3375THJ;
				INFOPLIST_FILE = "约玩平台UITests/Info.plist";
				LD_RUNPATH_SEARCH_PATHS = "$(inherited) @executable_path/Frameworks @loader_path/Frameworks";
				PRODUCT_BUNDLE_IDENTIFIER = "-23.----UITests";
				PRODUCT_NAME = "$(TARGET_NAME)";
				SWIFT_VERSION = 3.0;
				TEST_TARGET_NAME = "约玩平台";
			};
			name = Debug;
		};
		B07164581E1CF179006A2FCD /* Release */ = {
			isa = XCBuildConfiguration;
			buildSettings = {
				ALWAYS_EMBED_SWIFT_STANDARD_LIBRARIES = YES;
				DEVELOPMENT_TEAM = 7PY3375THJ;
				INFOPLIST_FILE = "约玩平台UITests/Info.plist";
				LD_RUNPATH_SEARCH_PATHS = "$(inherited) @executable_path/Frameworks @loader_path/Frameworks";
				PRODUCT_BUNDLE_IDENTIFIER = "-23.----UITests";
				PRODUCT_NAME = "$(TARGET_NAME)";
				SWIFT_VERSION = 3.0;
				TEST_TARGET_NAME = "约玩平台";
			};
			name = Release;
		};
/* End XCBuildConfiguration section */

/* Begin XCConfigurationList section */
		B07164201E1CF179006A2FCD /* Build configuration list for PBXProject "约玩平台" */ = {
			isa = XCConfigurationList;
			buildConfigurations = (
				B071644E1E1CF179006A2FCD /* Debug */,
				B071644F1E1CF179006A2FCD /* Release */,
			);
			defaultConfigurationIsVisible = 0;
			defaultConfigurationName = Release;
		};
		B07164501E1CF179006A2FCD /* Build configuration list for PBXNativeTarget "约玩平台" */ = {
			isa = XCConfigurationList;
			buildConfigurations = (
				B07164511E1CF179006A2FCD /* Debug */,
				B07164521E1CF179006A2FCD /* Release */,
			);
			defaultConfigurationIsVisible = 0;
			defaultConfigurationName = Release;
		};
		B07164531E1CF179006A2FCD /* Build configuration list for PBXNativeTarget "约玩平台Tests" */ = {
			isa = XCConfigurationList;
			buildConfigurations = (
				B07164541E1CF179006A2FCD /* Debug */,
				B07164551E1CF179006A2FCD /* Release */,
			);
			defaultConfigurationIsVisible = 0;
			defaultConfigurationName = Release;
		};
		B07164561E1CF179006A2FCD /* Build configuration list for PBXNativeTarget "约玩平台UITests" */ = {
			isa = XCConfigurationList;
			buildConfigurations = (
				B07164571E1CF179006A2FCD /* Debug */,
				B07164581E1CF179006A2FCD /* Release */,
			);
			defaultConfigurationIsVisible = 0;
			defaultConfigurationName = Release;
		};
/* End XCConfigurationList section */

/* Begin XCVersionGroup section */
		B071642F1E1CF179006A2FCD /* ____.xcdatamodeld */ = {
			isa = XCVersionGroup;
			children = (
				B07164301E1CF179006A2FCD /* ____.xcdatamodel */,
			);
			currentVersion = B07164301E1CF179006A2FCD /* ____.xcdatamodel */;
			path = "____.xcdatamodeld";
			sourceTree = "<group>";
			versionGroupType = wrapper.xcdatamodel;
		};
/* End XCVersionGroup section */
	};
	rootObject = B071641D1E1CF179006A2FCD /* Project object */;
}
